
Microsoft Visual Studio Solution File, Format Version 12.00
# Visual Studio Version 16
VisualStudioVersion = 16.0.31019.35
MinimumVisualStudioVersion = 10.0.40219.1
Project("{FAE04EC0-301F-11D3-BF4B-00C04F79EFBC}") = "Learning.Redis", "Learning.Redis\Learning.Redis.csproj", "{009A47A1-81FE-4CAB-B9C6-CC8A5243A5FE}"
EndProject
Global
	GlobalSection(SolutionConfigurationPlatforms) = preSolution
		Debug|Any CPU = Debug|Any CPU
		Release|Any CPU = Release|Any CPU
	EndGlobalSection
	GlobalSection(ProjectConfigurationPlatforms) = postSolution
		{009A47A1-81FE-4CAB-B9C6-CC8A5243A5FE}.Debug|Any CPU.ActiveCfg = Debug|Any CPU
		{009A47A1-81FE-4CAB-B9C6-CC8A5243A5FE}.Debug|Any CPU.Build.0 = Debug|Any CPU
		{009A47A1-81FE-4CAB-B9C6-CC8A5243A5FE}.Release|Any CPU.ActiveCfg = Release|Any CPU
		{009A47A1-81FE-4CAB-B9C6-CC8A5243A5FE}.Release|Any CPU.Build.0 = Release|Any CPU
	EndGlobalSection
	GlobalSection(SolutionProperties) = preSolution
		HideSolutionNode = FALSE
	EndGlobalSection
	GlobalSection(ExtensibilityGlobals) = postSolution
		SolutionGuid = {239645E4-2994-4BE5-8453-54A8875BE3CD}
	EndGlobalSection
EndGlobal
